// !$*UTF8*$!
{
	archiveVersion = 1;
	classes = {
	};
	objectVersion = 56;
	objects = {

/* Begin PBXBuildFile section */
		1D7162162CEB73F200ACDB0F /* AccountSummaryCell.swift in Sources */ = {isa = PBXBuildFile; fileRef = 1D7162152CEB73F200ACDB0F /* AccountSummaryCell.swift */; };
		1D75D3272D0F2E57001A55BE /* SkeletonLoadable.swift in Sources */ = {isa = PBXBuildFile; fileRef = 1D75D3262D0F2E57001A55BE /* SkeletonLoadable.swift */; };
		1D75D3292D0F3071001A55BE /* SkeletonCell.swift in Sources */ = {isa = PBXBuildFile; fileRef = 1D75D3282D0F3071001A55BE /* SkeletonCell.swift */; };
		1D75D32C2D0F4D49001A55BE /* ProfileManager.swift in Sources */ = {isa = PBXBuildFile; fileRef = 1D75D32B2D0F4D49001A55BE /* ProfileManager.swift */; };
		1D75D32E2D0F4EC6001A55BE /* AccountSummaryViewControllerTests.swift in Sources */ = {isa = PBXBuildFile; fileRef = 1D75D32D2D0F4EC6001A55BE /* AccountSummaryViewControllerTests.swift */; };
		1D8A135A2CEB07C7009E4C49 /* AppDelegate.swift in Sources */ = {isa = PBXBuildFile; fileRef = 1D8A13592CEB07C7009E4C49 /* AppDelegate.swift */; };
		1D8A135E2CEB07C7009E4C49 /* LoginViewController.swift in Sources */ = {isa = PBXBuildFile; fileRef = 1D8A135D2CEB07C7009E4C49 /* LoginViewController.swift */; };
		1D8A13632CEB07C8009E4C49 /* Assets.xcassets in Resources */ = {isa = PBXBuildFile; fileRef = 1D8A13622CEB07C8009E4C49 /* Assets.xcassets */; };
		1D8A13662CEB07C8009E4C49 /* LaunchScreen.storyboard in Resources */ = {isa = PBXBuildFile; fileRef = 1D8A13642CEB07C8009E4C49 /* LaunchScreen.storyboard */; };
		1D8A13702CEB0BB3009E4C49 /* LoginView.swift in Sources */ = {isa = PBXBuildFile; fileRef = 1D8A136F2CEB0BB3009E4C49 /* LoginView.swift */; };
		1DA4EAD92D0DB66400C45D16 /* ShakeyBellView.swift in Sources */ = {isa = PBXBuildFile; fileRef = 1DA4EAD82D0DB66400C45D16 /* ShakeyBellView.swift */; };
		1DA4EADB2D0DC8A500C45D16 /* Date+Utils.swift in Sources */ = {isa = PBXBuildFile; fileRef = 1DA4EADA2D0DC8A500C45D16 /* Date+Utils.swift */; };
		1DA4EADD2D0DCBFE00C45D16 /* AccountSummaryViewController+Networking.swift in Sources */ = {isa = PBXBuildFile; fileRef = 1DA4EADC2D0DCBFE00C45D16 /* AccountSummaryViewController+Networking.swift */; };
		1DA4EAE12D0DF29B00C45D16 /* ProfileTests.swift in Sources */ = {isa = PBXBuildFile; fileRef = 1DA4EAE02D0DF29B00C45D16 /* ProfileTests.swift */; };
		1DA4EAE32D0DF61000C45D16 /* AccountTests.swift in Sources */ = {isa = PBXBuildFile; fileRef = 1DA4EAE22D0DF61000C45D16 /* AccountTests.swift */; };
		1DB32BE82CEB333A00009E74 /* OnboardingContainerViewController.swift in Sources */ = {isa = PBXBuildFile; fileRef = 1DB32BE72CEB333A00009E74 /* OnboardingContainerViewController.swift */; };
		1DB32BEA2CEB3B7100009E74 /* OnboardingViewContainer.swift in Sources */ = {isa = PBXBuildFile; fileRef = 1DB32BE92CEB3B7100009E74 /* OnboardingViewContainer.swift */; };
		1DB32BEC2CEB4FC500009E74 /* DummyViewController.swift in Sources */ = {isa = PBXBuildFile; fileRef = 1DB32BEB2CEB4FC500009E74 /* DummyViewController.swift */; };
		1DB32BEF2CEB559D00009E74 /* LocalState.swift in Sources */ = {isa = PBXBuildFile; fileRef = 1DB32BEE2CEB559D00009E74 /* LocalState.swift */; };
		1DB32BF12CEB5B3F00009E74 /* UIViewController+Utils.swift in Sources */ = {isa = PBXBuildFile; fileRef = 1DB32BF02CEB5B3F00009E74 /* UIViewController+Utils.swift */; };
		1DB32BF32CEB5C6600009E74 /* MainViewController.swift in Sources */ = {isa = PBXBuildFile; fileRef = 1DB32BF22CEB5C6600009E74 /* MainViewController.swift */; };
		1DB32BF62CEB652000009E74 /* AccountSummaryViewController.swift in Sources */ = {isa = PBXBuildFile; fileRef = 1DB32BF52CEB652000009E74 /* AccountSummaryViewController.swift */; };
		1DB32BF82CEB67BC00009E74 /* AccountSummaryHeaderView.swift in Sources */ = {isa = PBXBuildFile; fileRef = 1DB32BF72CEB67BC00009E74 /* AccountSummaryHeaderView.swift */; };
		1DB32BFA2CEB680200009E74 /* AccountSummaryHeaderView.xib in Resources */ = {isa = PBXBuildFile; fileRef = 1DB32BF92CEB680200009E74 /* AccountSummaryHeaderView.xib */; };
		1DCC6A3F2CEF30B0006922C1 /* CurrencyFormatter.swift in Sources */ = {isa = PBXBuildFile; fileRef = 1DCC6A3E2CEF30B0006922C1 /* CurrencyFormatter.swift */; };
		1DCC6A412CEF335D006922C1 /* DecimalUtils.swift in Sources */ = {isa = PBXBuildFile; fileRef = 1DCC6A402CEF335D006922C1 /* DecimalUtils.swift */; };
		1DCC6A502CEF48F9006922C1 /* CurrencyFormatterTests.swift in Sources */ = {isa = PBXBuildFile; fileRef = 1DCC6A4F2CEF48F9006922C1 /* CurrencyFormatterTests.swift */; };
		1DCC6A522CEF5C7E006922C1 /* NSNotificationName.swift in Sources */ = {isa = PBXBuildFile; fileRef = 1DCC6A512CEF5C7E006922C1 /* NSNotificationName.swift */; };
		1DCC6A542CEF5FE4006922C1 /* UITextField+SecureToggle.swift in Sources */ = {isa = PBXBuildFile; fileRef = 1DCC6A532CEF5FE4006922C1 /* UITextField+SecureToggle.swift */; };
/* End PBXBuildFile section */

/* Begin PBXContainerItemProxy section */
		1DCC6A4A2CEF486D006922C1 /* PBXContainerItemProxy */ = {
			isa = PBXContainerItemProxy;
			containerPortal = 1D8A134E2CEB07C7009E4C49 /* Project object */;
			proxyType = 1;
			remoteGlobalIDString = 1D8A13552CEB07C7009E4C49;
			remoteInfo = Bankey;
		};
/* End PBXContainerItemProxy section */

/* Begin PBXFileReference section */
		1D7162152CEB73F200ACDB0F /* AccountSummaryCell.swift */ = {isa = PBXFileReference; lastKnownFileType = sourcecode.swift; path = AccountSummaryCell.swift; sourceTree = "<group>"; };
		1D75D3262D0F2E57001A55BE /* SkeletonLoadable.swift */ = {isa = PBXFileReference; lastKnownFileType = sourcecode.swift; path = SkeletonLoadable.swift; sourceTree = "<group>"; };
		1D75D3282D0F3071001A55BE /* SkeletonCell.swift */ = {isa = PBXFileReference; lastKnownFileType = sourcecode.swift; path = SkeletonCell.swift; sourceTree = "<group>"; };
		1D75D32B2D0F4D49001A55BE /* ProfileManager.swift */ = {isa = PBXFileReference; lastKnownFileType = sourcecode.swift; path = ProfileManager.swift; sourceTree = "<group>"; };
		1D75D32D2D0F4EC6001A55BE /* AccountSummaryViewControllerTests.swift */ = {isa = PBXFileReference; lastKnownFileType = sourcecode.swift; path = AccountSummaryViewControllerTests.swift; sourceTree = "<group>"; };
		1D8A13562CEB07C7009E4C49 /* Bankey.app */ = {isa = PBXFileReference; explicitFileType = wrapper.application; includeInIndex = 0; path = Bankey.app; sourceTree = BUILT_PRODUCTS_DIR; };
		1D8A13592CEB07C7009E4C49 /* AppDelegate.swift */ = {isa = PBXFileReference; lastKnownFileType = sourcecode.swift; path = AppDelegate.swift; sourceTree = "<group>"; };
		1D8A135D2CEB07C7009E4C49 /* LoginViewController.swift */ = {isa = PBXFileReference; lastKnownFileType = sourcecode.swift; path = LoginViewController.swift; sourceTree = "<group>"; };
		1D8A13622CEB07C8009E4C49 /* Assets.xcassets */ = {isa = PBXFileReference; lastKnownFileType = folder.assetcatalog; path = Assets.xcassets; sourceTree = "<group>"; };
		1D8A13652CEB07C8009E4C49 /* Base */ = {isa = PBXFileReference; lastKnownFileType = file.storyboard; name = Base; path = Base.lproj/LaunchScreen.storyboard; sourceTree = "<group>"; };
		1D8A13672CEB07C8009E4C49 /* Info.plist */ = {isa = PBXFileReference; lastKnownFileType = text.plist.xml; path = Info.plist; sourceTree = "<group>"; };
		1D8A136F2CEB0BB3009E4C49 /* LoginView.swift */ = {isa = PBXFileReference; lastKnownFileType = sourcecode.swift; path = LoginView.swift; sourceTree = "<group>"; };
		1DA4EAD82D0DB66400C45D16 /* ShakeyBellView.swift */ = {isa = PBXFileReference; lastKnownFileType = sourcecode.swift; path = ShakeyBellView.swift; sourceTree = "<group>"; };
		1DA4EADA2D0DC8A500C45D16 /* Date+Utils.swift */ = {isa = PBXFileReference; lastKnownFileType = sourcecode.swift; path = "Date+Utils.swift"; sourceTree = "<group>"; };
		1DA4EADC2D0DCBFE00C45D16 /* AccountSummaryViewController+Networking.swift */ = {isa = PBXFileReference; lastKnownFileType = sourcecode.swift; path = "AccountSummaryViewController+Networking.swift"; sourceTree = "<group>"; };
		1DA4EAE02D0DF29B00C45D16 /* ProfileTests.swift */ = {isa = PBXFileReference; lastKnownFileType = sourcecode.swift; path = ProfileTests.swift; sourceTree = "<group>"; };
		1DA4EAE22D0DF61000C45D16 /* AccountTests.swift */ = {isa = PBXFileReference; lastKnownFileType = sourcecode.swift; path = AccountTests.swift; sourceTree = "<group>"; };
		1DB32BE72CEB333A00009E74 /* OnboardingContainerViewController.swift */ = {isa = PBXFileReference; lastKnownFileType = sourcecode.swift; path = OnboardingContainerViewController.swift; sourceTree = "<group>"; };
		1DB32BE92CEB3B7100009E74 /* OnboardingViewContainer.swift */ = {isa = PBXFileReference; lastKnownFileType = sourcecode.swift; path = OnboardingViewContainer.swift; sourceTree = "<group>"; };
		1DB32BEB2CEB4FC500009E74 /* DummyViewController.swift */ = {isa = PBXFileReference; lastKnownFileType = sourcecode.swift; path = DummyViewController.swift; sourceTree = "<group>"; };
		1DB32BEE2CEB559D00009E74 /* LocalState.swift */ = {isa = PBXFileReference; lastKnownFileType = sourcecode.swift; path = LocalState.swift; sourceTree = "<group>"; };
		1DB32BF02CEB5B3F00009E74 /* UIViewController+Utils.swift */ = {isa = PBXFileReference; lastKnownFileType = sourcecode.swift; path = "UIViewController+Utils.swift"; sourceTree = "<group>"; };
		1DB32BF22CEB5C6600009E74 /* MainViewController.swift */ = {isa = PBXFileReference; lastKnownFileType = sourcecode.swift; path = MainViewController.swift; sourceTree = "<group>"; };
		1DB32BF52CEB652000009E74 /* AccountSummaryViewController.swift */ = {isa = PBXFileReference; lastKnownFileType = sourcecode.swift; path = AccountSummaryViewController.swift; sourceTree = "<group>"; };
		1DB32BF72CEB67BC00009E74 /* AccountSummaryHeaderView.swift */ = {isa = PBXFileReference; lastKnownFileType = sourcecode.swift; path = AccountSummaryHeaderView.swift; sourceTree = "<group>"; };
		1DB32BF92CEB680200009E74 /* AccountSummaryHeaderView.xib */ = {isa = PBXFileReference; lastKnownFileType = file.xib; path = AccountSummaryHeaderView.xib; sourceTree = "<group>"; };
		1DCC6A3E2CEF30B0006922C1 /* CurrencyFormatter.swift */ = {isa = PBXFileReference; lastKnownFileType = sourcecode.swift; path = CurrencyFormatter.swift; sourceTree = "<group>"; };
		1DCC6A402CEF335D006922C1 /* DecimalUtils.swift */ = {isa = PBXFileReference; lastKnownFileType = sourcecode.swift; path = DecimalUtils.swift; sourceTree = "<group>"; };
		1DCC6A462CEF486D006922C1 /* BankeyUnitTests.xctest */ = {isa = PBXFileReference; explicitFileType = wrapper.cfbundle; includeInIndex = 0; path = BankeyUnitTests.xctest; sourceTree = BUILT_PRODUCTS_DIR; };
		1DCC6A4F2CEF48F9006922C1 /* CurrencyFormatterTests.swift */ = {isa = PBXFileReference; lastKnownFileType = sourcecode.swift; path = CurrencyFormatterTests.swift; sourceTree = "<group>"; };
		1DCC6A512CEF5C7E006922C1 /* NSNotificationName.swift */ = {isa = PBXFileReference; lastKnownFileType = sourcecode.swift; path = NSNotificationName.swift; sourceTree = "<group>"; };
		1DCC6A532CEF5FE4006922C1 /* UITextField+SecureToggle.swift */ = {isa = PBXFileReference; lastKnownFileType = sourcecode.swift; path = "UITextField+SecureToggle.swift"; sourceTree = "<group>"; };
/* End PBXFileReference section */

/* Begin PBXFrameworksBuildPhase section */
		1D8A13532CEB07C7009E4C49 /* Frameworks */ = {
			isa = PBXFrameworksBuildPhase;
			buildActionMask = 2147483647;
			files = (
			);
			runOnlyForDeploymentPostprocessing = 0;
		};
		1DCC6A432CEF486D006922C1 /* Frameworks */ = {
			isa = PBXFrameworksBuildPhase;
			buildActionMask = 2147483647;
			files = (
			);
			runOnlyForDeploymentPostprocessing = 0;
		};
/* End PBXFrameworksBuildPhase section */

/* Begin PBXGroup section */
		1D7162132CEB73BC00ACDB0F /* Header */ = {
			isa = PBXGroup;
			children = (
				1DB32BF92CEB680200009E74 /* AccountSummaryHeaderView.xib */,
				1DB32BF72CEB67BC00009E74 /* AccountSummaryHeaderView.swift */,
			);
			path = Header;
			sourceTree = "<group>";
		};
		1D7162142CEB73D700ACDB0F /* Cells */ = {
			isa = PBXGroup;
			children = (
				1D7162152CEB73F200ACDB0F /* AccountSummaryCell.swift */,
				1D75D3262D0F2E57001A55BE /* SkeletonLoadable.swift */,
				1D75D3282D0F3071001A55BE /* SkeletonCell.swift */,
			);
			path = Cells;
			sourceTree = "<group>";
		};
		1D75D32A2D0F4D2B001A55BE /* Networking */ = {
			isa = PBXGroup;
			children = (
				1D75D32B2D0F4D49001A55BE /* ProfileManager.swift */,
			);
			path = Networking;
			sourceTree = "<group>";
		};
		1D8A134D2CEB07C7009E4C49 = {
			isa = PBXGroup;
			children = (
				1D8A13582CEB07C7009E4C49 /* Bankey */,
				1DCC6A472CEF486D006922C1 /* BankeyUnitTests */,
				1D8A13572CEB07C7009E4C49 /* Products */,
			);
			sourceTree = "<group>";
		};
		1D8A13572CEB07C7009E4C49 /* Products */ = {
			isa = PBXGroup;
			children = (
				1D8A13562CEB07C7009E4C49 /* Bankey.app */,
				1DCC6A462CEF486D006922C1 /* BankeyUnitTests.xctest */,
			);
			name = Products;
			sourceTree = "<group>";
		};
		1D8A13582CEB07C7009E4C49 /* Bankey */ = {
			isa = PBXGroup;
			children = (
				1D8A13592CEB07C7009E4C49 /* AppDelegate.swift */,
				1DB32BF22CEB5C6600009E74 /* MainViewController.swift */,
				1D8A136E2CEB0B8E009E4C49 /* Login */,
				1DB32BE62CEB331500009E74 /* Onboarding */,
				1DB32BF42CEB64FA00009E74 /* AccountSummary */,
				1DB32BED2CEB558C00009E74 /* Utils */,
				1DA4EAD52D0DB60E00C45D16 /* Components */,
				1D8A136D2CEB0B39009E4C49 /* Files */,
			);
			path = Bankey;
			sourceTree = "<group>";
		};
		1D8A136D2CEB0B39009E4C49 /* Files */ = {
			isa = PBXGroup;
			children = (
				1D8A13622CEB07C8009E4C49 /* Assets.xcassets */,
				1D8A13642CEB07C8009E4C49 /* LaunchScreen.storyboard */,
				1D8A13672CEB07C8009E4C49 /* Info.plist */,
			);
			name = Files;
			sourceTree = "<group>";
		};
		1D8A136E2CEB0B8E009E4C49 /* Login */ = {
			isa = PBXGroup;
			children = (
				1D8A135D2CEB07C7009E4C49 /* LoginViewController.swift */,
				1D8A136F2CEB0BB3009E4C49 /* LoginView.swift */,
				1DB32BEB2CEB4FC500009E74 /* DummyViewController.swift */,
			);
			path = Login;
			sourceTree = "<group>";
		};
		1DA4EAD52D0DB60E00C45D16 /* Components */ = {
			isa = PBXGroup;
			children = (
				1DA4EAD82D0DB66400C45D16 /* ShakeyBellView.swift */,
			);
			path = Components;
			sourceTree = "<group>";
		};
		1DA4EADE2D0DF27500C45D16 /* Utils */ = {
			isa = PBXGroup;
			children = (
				1DCC6A4F2CEF48F9006922C1 /* CurrencyFormatterTests.swift */,
			);
			path = Utils;
			sourceTree = "<group>";
		};
		1DA4EADF2D0DF28000C45D16 /* AccountSummary */ = {
			isa = PBXGroup;
			children = (
				1DA4EAE02D0DF29B00C45D16 /* ProfileTests.swift */,
				1DA4EAE22D0DF61000C45D16 /* AccountTests.swift */,
				1D75D32D2D0F4EC6001A55BE /* AccountSummaryViewControllerTests.swift */,
			);
			path = AccountSummary;
			sourceTree = "<group>";
		};
		1DB32BE62CEB331500009E74 /* Onboarding */ = {
			isa = PBXGroup;
			children = (
				1DB32BE72CEB333A00009E74 /* OnboardingContainerViewController.swift */,
				1DB32BE92CEB3B7100009E74 /* OnboardingViewContainer.swift */,
			);
			path = Onboarding;
			sourceTree = "<group>";
		};
		1DB32BED2CEB558C00009E74 /* Utils */ = {
			isa = PBXGroup;
			children = (
				1DB32BEE2CEB559D00009E74 /* LocalState.swift */,
				1DB32BF02CEB5B3F00009E74 /* UIViewController+Utils.swift */,
				1DCC6A532CEF5FE4006922C1 /* UITextField+SecureToggle.swift */,
				1DCC6A3E2CEF30B0006922C1 /* CurrencyFormatter.swift */,
				1DCC6A402CEF335D006922C1 /* DecimalUtils.swift */,
				1DCC6A512CEF5C7E006922C1 /* NSNotificationName.swift */,
				1DA4EADA2D0DC8A500C45D16 /* Date+Utils.swift */,
			);
			path = Utils;
			sourceTree = "<group>";
		};
		1DB32BF42CEB64FA00009E74 /* AccountSummary */ = {
			isa = PBXGroup;
			children = (
				1DB32BF52CEB652000009E74 /* AccountSummaryViewController.swift */,
				1DA4EADC2D0DCBFE00C45D16 /* AccountSummaryViewController+Networking.swift */,
				1D7162132CEB73BC00ACDB0F /* Header */,
				1D7162142CEB73D700ACDB0F /* Cells */,
				1D75D32A2D0F4D2B001A55BE /* Networking */,
			);
			path = AccountSummary;
			sourceTree = "<group>";
		};
		1DCC6A472CEF486D006922C1 /* BankeyUnitTests */ = {
			isa = PBXGroup;
			children = (
				1DA4EADF2D0DF28000C45D16 /* AccountSummary */,
				1DA4EADE2D0DF27500C45D16 /* Utils */,
			);
			path = BankeyUnitTests;
			sourceTree = "<group>";
		};
/* End PBXGroup section */

/* Begin PBXNativeTarget section */
		1D8A13552CEB07C7009E4C49 /* Bankey */ = {
			isa = PBXNativeTarget;
			buildConfigurationList = 1D8A136A2CEB07C8009E4C49 /* Build configuration list for PBXNativeTarget "Bankey" */;
			buildPhases = (
				1D8A13522CEB07C7009E4C49 /* Sources */,
				1D8A13532CEB07C7009E4C49 /* Frameworks */,
				1D8A13542CEB07C7009E4C49 /* Resources */,
			);
			buildRules = (
			);
			dependencies = (
			);
			name = Bankey;
			productName = Bankey;
			productReference = 1D8A13562CEB07C7009E4C49 /* Bankey.app */;
			productType = "com.apple.product-type.application";
		};
		1DCC6A452CEF486D006922C1 /* BankeyUnitTests */ = {
			isa = PBXNativeTarget;
			buildConfigurationList = 1DCC6A4E2CEF486D006922C1 /* Build configuration list for PBXNativeTarget "BankeyUnitTests" */;
			buildPhases = (
				1DCC6A422CEF486D006922C1 /* Sources */,
				1DCC6A432CEF486D006922C1 /* Frameworks */,
				1DCC6A442CEF486D006922C1 /* Resources */,
			);
			buildRules = (
			);
			dependencies = (
				1DCC6A4B2CEF486D006922C1 /* PBXTargetDependency */,
			);
			name = BankeyUnitTests;
			productName = BankeyUnitTests;
			productReference = 1DCC6A462CEF486D006922C1 /* BankeyUnitTests.xctest */;
			productType = "com.apple.product-type.bundle.unit-test";
		};
/* End PBXNativeTarget section */

/* Begin PBXProject section */
		1D8A134E2CEB07C7009E4C49 /* Project object */ = {
			isa = PBXProject;
			attributes = {
				BuildIndependentTargetsInParallel = 1;
				LastSwiftUpdateCheck = 1520;
				LastUpgradeCheck = 1520;
				TargetAttributes = {
					1D8A13552CEB07C7009E4C49 = {
						CreatedOnToolsVersion = 15.2;
					};
					1DCC6A452CEF486D006922C1 = {
						CreatedOnToolsVersion = 15.2;
						LastSwiftMigration = 1520;
						TestTargetID = 1D8A13552CEB07C7009E4C49;
					};
				};
			};
			buildConfigurationList = 1D8A13512CEB07C7009E4C49 /* Build configuration list for PBXProject "Bankey" */;
			compatibilityVersion = "Xcode 14.0";
			developmentRegion = en;
			hasScannedForEncodings = 0;
			knownRegions = (
				en,
				Base,
			);
			mainGroup = 1D8A134D2CEB07C7009E4C49;
			productRefGroup = 1D8A13572CEB07C7009E4C49 /* Products */;
			projectDirPath = "";
			projectRoot = "";
			targets = (
				1D8A13552CEB07C7009E4C49 /* Bankey */,
				1DCC6A452CEF486D006922C1 /* BankeyUnitTests */,
			);
		};
/* End PBXProject section */

/* Begin PBXResourcesBuildPhase section */
		1D8A13542CEB07C7009E4C49 /* Resources */ = {
			isa = PBXResourcesBuildPhase;
			buildActionMask = 2147483647;
			files = (
				1DB32BFA2CEB680200009E74 /* AccountSummaryHeaderView.xib in Resources */,
				1D8A13662CEB07C8009E4C49 /* LaunchScreen.storyboard in Resources */,
				1D8A13632CEB07C8009E4C49 /* Assets.xcassets in Resources */,
			);
			runOnlyForDeploymentPostprocessing = 0;
		};
		1DCC6A442CEF486D006922C1 /* Resources */ = {
			isa = PBXResourcesBuildPhase;
			buildActionMask = 2147483647;
			files = (
			);
			runOnlyForDeploymentPostprocessing = 0;
		};
/* End PBXResourcesBuildPhase section */

/* Begin PBXSourcesBuildPhase section */
		1D8A13522CEB07C7009E4C49 /* Sources */ = {
			isa = PBXSourcesBuildPhase;
			buildActionMask = 2147483647;
			files = (
				1DB32BF12CEB5B3F00009E74 /* UIViewController+Utils.swift in Sources */,
				1D75D3292D0F3071001A55BE /* SkeletonCell.swift in Sources */,
				1DA4EADB2D0DC8A500C45D16 /* Date+Utils.swift in Sources */,
				1D75D32C2D0F4D49001A55BE /* ProfileManager.swift in Sources */,
				1D8A13702CEB0BB3009E4C49 /* LoginView.swift in Sources */,
				1DB32BEF2CEB559D00009E74 /* LocalState.swift in Sources */,
				1DB32BF82CEB67BC00009E74 /* AccountSummaryHeaderView.swift in Sources */,
				1DB32BEC2CEB4FC500009E74 /* DummyViewController.swift in Sources */,
				1D8A135E2CEB07C7009E4C49 /* LoginViewController.swift in Sources */,
				1DCC6A3F2CEF30B0006922C1 /* CurrencyFormatter.swift in Sources */,
				1DCC6A522CEF5C7E006922C1 /* NSNotificationName.swift in Sources */,
				1DCC6A412CEF335D006922C1 /* DecimalUtils.swift in Sources */,
				1D7162162CEB73F200ACDB0F /* AccountSummaryCell.swift in Sources */,
				1DA4EAD92D0DB66400C45D16 /* ShakeyBellView.swift in Sources */,
				1D8A135A2CEB07C7009E4C49 /* AppDelegate.swift in Sources */,
				1DB32BF32CEB5C6600009E74 /* MainViewController.swift in Sources */,
				1DB32BF62CEB652000009E74 /* AccountSummaryViewController.swift in Sources */,
				1DB32BEA2CEB3B7100009E74 /* OnboardingViewContainer.swift in Sources */,
				1DCC6A542CEF5FE4006922C1 /* UITextField+SecureToggle.swift in Sources */,
				1DB32BE82CEB333A00009E74 /* OnboardingContainerViewController.swift in Sources */,
				1D75D3272D0F2E57001A55BE /* SkeletonLoadable.swift in Sources */,
				1DA4EADD2D0DCBFE00C45D16 /* AccountSummaryViewController+Networking.swift in Sources */,
			);
			runOnlyForDeploymentPostprocessing = 0;
		};
		1DCC6A422CEF486D006922C1 /* Sources */ = {
			isa = PBXSourcesBuildPhase;
			buildActionMask = 2147483647;
			files = (
				1DCC6A502CEF48F9006922C1 /* CurrencyFormatterTests.swift in Sources */,
				1DA4EAE32D0DF61000C45D16 /* AccountTests.swift in Sources */,
				1DA4EAE12D0DF29B00C45D16 /* ProfileTests.swift in Sources */,
				1D75D32E2D0F4EC6001A55BE /* AccountSummaryViewControllerTests.swift in Sources */,
			);
			runOnlyForDeploymentPostprocessing = 0;
		};
/* End PBXSourcesBuildPhase section */

/* Begin PBXTargetDependency section */
		1DCC6A4B2CEF486D006922C1 /* PBXTargetDependency */ = {
			isa = PBXTargetDependency;
			target = 1D8A13552CEB07C7009E4C49 /* Bankey */;
			targetProxy = 1DCC6A4A2CEF486D006922C1 /* PBXContainerItemProxy */;
		};
/* End PBXTargetDependency section */

/* Begin PBXVariantGroup section */
		1D8A13642CEB07C8009E4C49 /* LaunchScreen.storyboard */ = {
			isa = PBXVariantGroup;
			children = (
				1D8A13652CEB07C8009E4C49 /* Base */,
			);
			name = LaunchScreen.storyboard;
			sourceTree = "<group>";
		};
/* End PBXVariantGroup section */

/* Begin XCBuildConfiguration section */
		1D8A13682CEB07C8009E4C49 /* Debug */ = {
			isa = XCBuildConfiguration;
			buildSettings = {
				ALWAYS_SEARCH_USER_PATHS = NO;
				ASSETCATALOG_COMPILER_GENERATE_SWIFT_ASSET_SYMBOL_EXTENSIONS = YES;
				CLANG_ANALYZER_NONNULL = YES;
				CLANG_ANALYZER_NUMBER_OBJECT_CONVERSION = YES_AGGRESSIVE;
				CLANG_CXX_LANGUAGE_STANDARD = "gnu++20";
				CLANG_ENABLE_MODULES = YES;
				CLANG_ENABLE_OBJC_ARC = YES;
				CLANG_ENABLE_OBJC_WEAK = YES;
				CLANG_WARN_BLOCK_CAPTURE_AUTORELEASING = YES;
				CLANG_WARN_BOOL_CONVERSION = YES;
				CLANG_WARN_COMMA = YES;
				CLANG_WARN_CONSTANT_CONVERSION = YES;
				CLANG_WARN_DEPRECATED_OBJC_IMPLEMENTATIONS = YES;
				CLANG_WARN_DIRECT_OBJC_ISA_USAGE = YES_ERROR;
				CLANG_WARN_DOCUMENTATION_COMMENTS = YES;
				CLANG_WARN_EMPTY_BODY = YES;
				CLANG_WARN_ENUM_CONVERSION = YES;
				CLANG_WARN_INFINITE_RECURSION = YES;
				CLANG_WARN_INT_CONVERSION = YES;
				CLANG_WARN_NON_LITERAL_NULL_CONVERSION = YES;
				CLANG_WARN_OBJC_IMPLICIT_RETAIN_SELF = YES;
				CLANG_WARN_OBJC_LITERAL_CONVERSION = YES;
				CLANG_WARN_OBJC_ROOT_CLASS = YES_ERROR;
				CLANG_WARN_QUOTED_INCLUDE_IN_FRAMEWORK_HEADER = YES;
				CLANG_WARN_RANGE_LOOP_ANALYSIS = YES;
				CLANG_WARN_STRICT_PROTOTYPES = YES;
				CLANG_WARN_SUSPICIOUS_MOVE = YES;
				CLANG_WARN_UNGUARDED_AVAILABILITY = YES_AGGRESSIVE;
				CLANG_WARN_UNREACHABLE_CODE = YES;
				CLANG_WARN__DUPLICATE_METHOD_MATCH = YES;
				COPY_PHASE_STRIP = NO;
				DEBUG_INFORMATION_FORMAT = dwarf;
				ENABLE_STRICT_OBJC_MSGSEND = YES;
				ENABLE_TESTABILITY = YES;
				ENABLE_USER_SCRIPT_SANDBOXING = YES;
				GCC_C_LANGUAGE_STANDARD = gnu17;
				GCC_DYNAMIC_NO_PIC = NO;
				GCC_NO_COMMON_BLOCKS = YES;
				GCC_OPTIMIZATION_LEVEL = 0;
				GCC_PREPROCESSOR_DEFINITIONS = (
					"DEBUG=1",
					"$(inherited)",
				);
				GCC_WARN_64_TO_32_BIT_CONVERSION = YES;
				GCC_WARN_ABOUT_RETURN_TYPE = YES_ERROR;
				GCC_WARN_UNDECLARED_SELECTOR = YES;
				GCC_WARN_UNINITIALIZED_AUTOS = YES_AGGRESSIVE;
				GCC_WARN_UNUSED_FUNCTION = YES;
				GCC_WARN_UNUSED_VARIABLE = YES;
				IPHONEOS_DEPLOYMENT_TARGET = 17.2;
				LOCALIZATION_PREFERS_STRING_CATALOGS = YES;
				MTL_ENABLE_DEBUG_INFO = INCLUDE_SOURCE;
				MTL_FAST_MATH = YES;
				ONLY_ACTIVE_ARCH = YES;
				SDKROOT = iphoneos;
				SWIFT_ACTIVE_COMPILATION_CONDITIONS = "DEBUG $(inherited)";
				SWIFT_OPTIMIZATION_LEVEL = "-Onone";
			};
			name = Debug;
		};
		1D8A13692CEB07C8009E4C49 /* Release */ = {
			isa = XCBuildConfiguration;
			buildSettings = {
				ALWAYS_SEARCH_USER_PATHS = NO;
				ASSETCATALOG_COMPILER_GENERATE_SWIFT_ASSET_SYMBOL_EXTENSIONS = YES;
				CLANG_ANALYZER_NONNULL = YES;
				CLANG_ANALYZER_NUMBER_OBJECT_CONVERSION = YES_AGGRESSIVE;
				CLANG_CXX_LANGUAGE_STANDARD = "gnu++20";
				CLANG_ENABLE_MODULES = YES;
				CLANG_ENABLE_OBJC_ARC = YES;
				CLANG_ENABLE_OBJC_WEAK = YES;
				CLANG_WARN_BLOCK_CAPTURE_AUTORELEASING = YES;
				CLANG_WARN_BOOL_CONVERSION = YES;
				CLANG_WARN_COMMA = YES;
				CLANG_WARN_CONSTANT_CONVERSION = YES;
				CLANG_WARN_DEPRECATED_OBJC_IMPLEMENTATIONS = YES;
				CLANG_WARN_DIRECT_OBJC_ISA_USAGE = YES_ERROR;
				CLANG_WARN_DOCUMENTATION_COMMENTS = YES;
				CLANG_WARN_EMPTY_BODY = YES;
				CLANG_WARN_ENUM_CONVERSION = YES;
				CLANG_WARN_INFINITE_RECURSION = YES;
				CLANG_WARN_INT_CONVERSION = YES;
				CLANG_WARN_NON_LITERAL_NULL_CONVERSION = YES;
				CLANG_WARN_OBJC_IMPLICIT_RETAIN_SELF = YES;
				CLANG_WARN_OBJC_LITERAL_CONVERSION = YES;
				CLANG_WARN_OBJC_ROOT_CLASS = YES_ERROR;
				CLANG_WARN_QUOTED_INCLUDE_IN_FRAMEWORK_HEADER = YES;
				CLANG_WARN_RANGE_LOOP_ANALYSIS = YES;
				CLANG_WARN_STRICT_PROTOTYPES = YES;
				CLANG_WARN_SUSPICIOUS_MOVE = YES;
				CLANG_WARN_UNGUARDED_AVAILABILITY = YES_AGGRESSIVE;
				CLANG_WARN_UNREACHABLE_CODE = YES;
				CLANG_WARN__DUPLICATE_METHOD_MATCH = YES;
				COPY_PHASE_STRIP = NO;
				DEBUG_INFORMATION_FORMAT = "dwarf-with-dsym";
				ENABLE_NS_ASSERTIONS = NO;
				ENABLE_STRICT_OBJC_MSGSEND = YES;
				ENABLE_USER_SCRIPT_SANDBOXING = YES;
				GCC_C_LANGUAGE_STANDARD = gnu17;
				GCC_NO_COMMON_BLOCKS = YES;
				GCC_WARN_64_TO_32_BIT_CONVERSION = YES;
				GCC_WARN_ABOUT_RETURN_TYPE = YES_ERROR;
				GCC_WARN_UNDECLARED_SELECTOR = YES;
				GCC_WARN_UNINITIALIZED_AUTOS = YES_AGGRESSIVE;
				GCC_WARN_UNUSED_FUNCTION = YES;
				GCC_WARN_UNUSED_VARIABLE = YES;
				IPHONEOS_DEPLOYMENT_TARGET = 17.2;
				LOCALIZATION_PREFERS_STRING_CATALOGS = YES;
				MTL_ENABLE_DEBUG_INFO = NO;
				MTL_FAST_MATH = YES;
				SDKROOT = iphoneos;
				SWIFT_COMPILATION_MODE = wholemodule;
				VALIDATE_PRODUCT = YES;
			};
			name = Release;
		};
		1D8A136B2CEB07C8009E4C49 /* Debug */ = {
			isa = XCBuildConfiguration;
			buildSettings = {
				ASSETCATALOG_COMPILER_APPICON_NAME = AppIcon;
				ASSETCATALOG_COMPILER_GLOBAL_ACCENT_COLOR_NAME = AccentColor;
				CODE_SIGN_STYLE = Automatic;
				CURRENT_PROJECT_VERSION = 1;
				DEVELOPMENT_TEAM = VR952BAJ56;
				GENERATE_INFOPLIST_FILE = YES;
				INFOPLIST_FILE = Bankey/Info.plist;
				INFOPLIST_KEY_UIApplicationSupportsIndirectInputEvents = YES;
				INFOPLIST_KEY_UILaunchStoryboardName = LaunchScreen;
				INFOPLIST_KEY_UISupportedInterfaceOrientations_iPad = "UIInterfaceOrientationPortrait UIInterfaceOrientationPortraitUpsideDown UIInterfaceOrientationLandscapeLeft UIInterfaceOrientationLandscapeRight";
				INFOPLIST_KEY_UISupportedInterfaceOrientations_iPhone = "UIInterfaceOrientationPortrait UIInterfaceOrientationLandscapeLeft UIInterfaceOrientationLandscapeRight";
				LD_RUNPATH_SEARCH_PATHS = (
					"$(inherited)",
					"@executable_path/Frameworks",
				);
				MARKETING_VERSION = 1.0;
				PRODUCT_BUNDLE_IDENTIFIER = com.dwarak.Bankey;
				PRODUCT_NAME = "$(TARGET_NAME)";
				SWIFT_EMIT_LOC_STRINGS = YES;
				SWIFT_VERSION = 5.0;
				TARGETED_DEVICE_FAMILY = "1,2";
			};
			name = Debug;
		};
		1D8A136C2CEB07C8009E4C49 /* Release */ = {
			isa = XCBuildConfiguration;
			buildSettings = {
				ASSETCATALOG_COMPILER_APPICON_NAME = AppIcon;
				ASSETCATALOG_COMPILER_GLOBAL_ACCENT_COLOR_NAME = AccentColor;
				CODE_SIGN_STYLE = Automatic;
				CURRENT_PROJECT_VERSION = 1;
				DEVELOPMENT_TEAM = VR952BAJ56;
				GENERATE_INFOPLIST_FILE = YES;
				INFOPLIST_FILE = Bankey/Info.plist;
				INFOPLIST_KEY_UIApplicationSupportsIndirectInputEvents = YES;
				INFOPLIST_KEY_UILaunchStoryboardName = LaunchScreen;
				INFOPLIST_KEY_UISupportedInterfaceOrientations_iPad = "UIInterfaceOrientationPortrait UIInterfaceOrientationPortraitUpsideDown UIInterfaceOrientationLandscapeLeft UIInterfaceOrientationLandscapeRight";
				INFOPLIST_KEY_UISupportedInterfaceOrientations_iPhone = "UIInterfaceOrientationPortrait UIInterfaceOrientationLandscapeLeft UIInterfaceOrientationLandscapeRight";
				LD_RUNPATH_SEARCH_PATHS = (
					"$(inherited)",
					"@executable_path/Frameworks",
				);
				MARKETING_VERSION = 1.0;
				PRODUCT_BUNDLE_IDENTIFIER = com.dwarak.Bankey;
				PRODUCT_NAME = "$(TARGET_NAME)";
				SWIFT_EMIT_LOC_STRINGS = YES;
				SWIFT_VERSION = 5.0;
				TARGETED_DEVICE_FAMILY = "1,2";
			};
			name = Release;
		};
		1DCC6A4C2CEF486D006922C1 /* Debug */ = {
			isa = XCBuildConfiguration;
			buildSettings = {
				BUNDLE_LOADER = "$(TEST_HOST)";
				CLANG_ENABLE_MODULES = YES;
				CODE_SIGN_STYLE = Automatic;
				CURRENT_PROJECT_VERSION = 1;
				DEVELOPMENT_TEAM = VR952BAJ56;
				GENERATE_INFOPLIST_FILE = YES;
				MARKETING_VERSION = 1.0;
				PRODUCT_BUNDLE_IDENTIFIER = com.dwarak.BankeyUnitTests;
				PRODUCT_NAME = "$(TARGET_NAME)";
				SWIFT_EMIT_LOC_STRINGS = NO;
				SWIFT_OPTIMIZATION_LEVEL = "-Onone";
				SWIFT_VERSION = 5.0;
				TARGETED_DEVICE_FAMILY = "1,2";
				TEST_HOST = "$(BUILT_PRODUCTS_DIR)/Bankey.app/$(BUNDLE_EXECUTABLE_FOLDER_PATH)/Bankey";
			};
			name = Debug;
		};
		1DCC6A4D2CEF486D006922C1 /* Release */ = {
			isa = XCBuildConfiguration;
			buildSettings = {
				BUNDLE_LOADER = "$(TEST_HOST)";
				CLANG_ENABLE_MODULES = YES;
				CODE_SIGN_STYLE = Automatic;
				CURRENT_PROJECT_VERSION = 1;
				DEVELOPMENT_TEAM = VR952BAJ56;
				GENERATE_INFOPLIST_FILE = YES;
				MARKETING_VERSION = 1.0;
				PRODUCT_BUNDLE_IDENTIFIER = com.dwarak.BankeyUnitTests;
				PRODUCT_NAME = "$(TARGET_NAME)";
				SWIFT_EMIT_LOC_STRINGS = NO;
				SWIFT_VERSION = 5.0;
				TARGETED_DEVICE_FAMILY = "1,2";
				TEST_HOST = "$(BUILT_PRODUCTS_DIR)/Bankey.app/$(BUNDLE_EXECUTABLE_FOLDER_PATH)/Bankey";
			};
			name = Release;
		};
/* End XCBuildConfiguration section */

/* Begin XCConfigurationList section */
		1D8A13512CEB07C7009E4C49 /* Build configuration list for PBXProject "Bankey" */ = {
			isa = XCConfigurationList;
			buildConfigurations = (
				1D8A13682CEB07C8009E4C49 /* Debug */,
				1D8A13692CEB07C8009E4C49 /* Release */,
			);
			defaultConfigurationIsVisible = 0;
			defaultConfigurationName = Release;
		};
		1D8A136A2CEB07C8009E4C49 /* Build configuration list for PBXNativeTarget "Bankey" */ = {
			isa = XCConfigurationList;
			buildConfigurations = (
				1D8A136B2CEB07C8009E4C49 /* Debug */,
				1D8A136C2CEB07C8009E4C49 /* Release */,
			);
			defaultConfigurationIsVisible = 0;
			defaultConfigurationName = Release;
		};
		1DCC6A4E2CEF486D006922C1 /* Build configuration list for PBXNativeTarget "BankeyUnitTests" */ = {
			isa = XCConfigurationList;
			buildConfigurations = (
				1DCC6A4C2CEF486D006922C1 /* Debug */,
				1DCC6A4D2CEF486D006922C1 /* Release */,
			);
			defaultConfigurationIsVisible = 0;
			defaultConfigurationName = Release;
		};
/* End XCConfigurationList section */
	};
	rootObject = 1D8A134E2CEB07C7009E4C49 /* Project object */;
}
